
Microsoft Visual Studio Solution File, Format Version 12.00
# Visual Studio 2012
Project("{FAE04EC0-301F-11D3-BF4B-00C04F79EFBC}") = "ProtobufClient", "ProtobufClient\ProtobufClient.csproj", "{5EA21A16-6A68-46E5-9CED-F3F4CC1EB542}"
EndProject
Project("{FAE04EC0-301F-11D3-BF4B-00C04F79EFBC}") = "ProtobufServer", "ProtobufServer\ProtobufServer.csproj", "{59303BDE-2848-45BC-8CDE-066281A98C8F}"
EndProject
Global
	GlobalSection(SolutionConfigurationPlatforms) = preSolution
		Debug|x86 = Debug|x86
		Release|x86 = Release|x86
	EndGlobalSection
	GlobalSection(ProjectConfigurationPlatforms) = postSolution
		{59303BDE-2848-45BC-8CDE-066281A98C8F}.Debug|x86.ActiveCfg = Debug|x86
		{59303BDE-2848-45BC-8CDE-066281A98C8F}.Debug|x86.Build.0 = Debug|x86
		{59303BDE-2848-45BC-8CDE-066281A98C8F}.Release|x86.ActiveCfg = Release|x86
		{59303BDE-2848-45BC-8CDE-066281A98C8F}.Release|x86.Build.0 = Release|x86
		{5EA21A16-6A68-46E5-9CED-F3F4CC1EB542}.Debug|x86.ActiveCfg = Debug|x86
		{5EA21A16-6A68-46E5-9CED-F3F4CC1EB542}.Debug|x86.Build.0 = Debug|x86
		{5EA21A16-6A68-46E5-9CED-F3F4CC1EB542}.Release|x86.ActiveCfg = Release|x86
		{5EA21A16-6A68-46E5-9CED-F3F4CC1EB542}.Release|x86.Build.0 = Release|x86
	EndGlobalSection
EndGlobal
